PODS:
  - FSCalendar (2.7.9)
  - Masonry (1.1.0)

DEPENDENCIES:
  - FSCalendar
  - Masonry

SPEC REPOS:
  https://github.com/cocoapods/specs.git:
    - FSCalendar
    - Masonry

SPEC CHECKSUMS:
  FSCalendar: a04b09f16f811bc92e82f3cf852a15225233b9d5
  Masonry: 678fab65091a9290e40e2832a55e7ab731aad201

PODFILE CHECKSUM: f77ba23a4a68e5b794101273800c2c13763fa1e4

COCOAPODS: 1.5.3
